
Microsoft Visual Studio Solution File, Format Version 12.00
# Visual Studio Version 16
VisualStudioVersion = 16.0.30114.105
MinimumVisualStudioVersion = 10.0.40219.1
Project("{FAE04EC0-301F-11D3-BF4B-00C04F79EFBC}") = "API", "API\API.csproj", "{984E261A-3CE0-44B8-B857-953EB7F9A41A}"
EndProject
Project("{FAE04EC0-301F-11D3-BF4B-00C04F79EFBC}") = "Application", "Application\Application.csproj", "{95F98104-F872-413A-BB2C-2437C4065368}"
EndProject
Project("{FAE04EC0-301F-11D3-BF4B-00C04F79EFBC}") = "Persistence", "Persistence\Persistence.csproj", "{3A68211E-DED6-4ADF-B423-CADF9A4CAA0D}"
EndProject
Project("{FAE04EC0-301F-11D3-BF4B-00C04F79EFBC}") = "Domain", "Domain\Domain.csproj", "{B6C59D49-BAD9-4994-A29B-374453809DFE}"
EndProject
Project("{FAE04EC0-301F-11D3-BF4B-00C04F79EFBC}") = "Infrastructure", "Infrastructure\Infrastructure.csproj", "{4214B6DC-05CA-40A1-96C6-8F168D8479A5}"
EndProject
Global
	GlobalSection(SolutionConfigurationPlatforms) = preSolution
		Debug|Any CPU = Debug|Any CPU
		Debug|x64 = Debug|x64
		Debug|x86 = Debug|x86
		Release|Any CPU = Release|Any CPU
		Release|x64 = Release|x64
		Release|x86 = Release|x86
	EndGlobalSection
	GlobalSection(SolutionProperties) = preSolution
		HideSolutionNode = FALSE
	EndGlobalSection
	GlobalSection(ProjectConfigurationPlatforms) = postSolution
		{984E261A-3CE0-44B8-B857-953EB7F9A41A}.Debug|Any CPU.ActiveCfg = Debug|Any CPU
		{984E261A-3CE0-44B8-B857-953EB7F9A41A}.Debug|Any CPU.Build.0 = Debug|Any CPU
		{984E261A-3CE0-44B8-B857-953EB7F9A41A}.Debug|x64.ActiveCfg = Debug|Any CPU
		{984E261A-3CE0-44B8-B857-953EB7F9A41A}.Debug|x64.Build.0 = Debug|Any CPU
		{984E261A-3CE0-44B8-B857-953EB7F9A41A}.Debug|x86.ActiveCfg = Debug|Any CPU
		{984E261A-3CE0-44B8-B857-953EB7F9A41A}.Debug|x86.Build.0 = Debug|Any CPU
		{984E261A-3CE0-44B8-B857-953EB7F9A41A}.Release|Any CPU.ActiveCfg = Release|Any CPU
		{984E261A-3CE0-44B8-B857-953EB7F9A41A}.Release|Any CPU.Build.0 = Release|Any CPU
		{984E261A-3CE0-44B8-B857-953EB7F9A41A}.Release|x64.ActiveCfg = Release|Any CPU
		{984E261A-3CE0-44B8-B857-953EB7F9A41A}.Release|x64.Build.0 = Release|Any CPU
		{984E261A-3CE0-44B8-B857-953EB7F9A41A}.Release|x86.ActiveCfg = Release|Any CPU
		{984E261A-3CE0-44B8-B857-953EB7F9A41A}.Release|x86.Build.0 = Release|Any CPU
		{95F98104-F872-413A-BB2C-2437C4065368}.Debug|Any CPU.ActiveCfg = Debug|Any CPU
		{95F98104-F872-413A-BB2C-2437C4065368}.Debug|Any CPU.Build.0 = Debug|Any CPU
		{95F98104-F872-413A-BB2C-2437C4065368}.Debug|x64.ActiveCfg = Debug|Any CPU
		{95F98104-F872-413A-BB2C-2437C4065368}.Debug|x64.Build.0 = Debug|Any CPU
		{95F98104-F872-413A-BB2C-2437C4065368}.Debug|x86.ActiveCfg = Debug|Any CPU
		{95F98104-F872-413A-BB2C-2437C4065368}.Debug|x86.Build.0 = Debug|Any CPU
		{95F98104-F872-413A-BB2C-2437C4065368}.Release|Any CPU.ActiveCfg = Release|Any CPU
		{95F98104-F872-413A-BB2C-2437C4065368}.Release|Any CPU.Build.0 = Release|Any CPU
		{95F98104-F872-413A-BB2C-2437C4065368}.Release|x64.ActiveCfg = Release|Any CPU
		{95F98104-F872-413A-BB2C-2437C4065368}.Release|x64.Build.0 = Release|Any CPU
		{95F98104-F872-413A-BB2C-2437C4065368}.Release|x86.ActiveCfg = Release|Any CPU
		{95F98104-F872-413A-BB2C-2437C4065368}.Release|x86.Build.0 = Release|Any CPU
		{3A68211E-DED6-4ADF-B423-CADF9A4CAA0D}.Debug|Any CPU.ActiveCfg = Debug|Any CPU
		{3A68211E-DED6-4ADF-B423-CADF9A4CAA0D}.Debug|Any CPU.Build.0 = Debug|Any CPU
		{3A68211E-DED6-4ADF-B423-CADF9A4CAA0D}.Debug|x64.ActiveCfg = Debug|Any CPU
		{3A68211E-DED6-4ADF-B423-CADF9A4CAA0D}.Debug|x64.Build.0 = Debug|Any CPU
		{3A68211E-DED6-4ADF-B423-CADF9A4CAA0D}.Debug|x86.ActiveCfg = Debug|Any CPU
		{3A68211E-DED6-4ADF-B423-CADF9A4CAA0D}.Debug|x86.Build.0 = Debug|Any CPU
		{3A68211E-DED6-4ADF-B423-CADF9A4CAA0D}.Release|Any CPU.ActiveCfg = Release|Any CPU
		{3A68211E-DED6-4ADF-B423-CADF9A4CAA0D}.Release|Any CPU.Build.0 = Release|Any CPU
		{3A68211E-DED6-4ADF-B423-CADF9A4CAA0D}.Release|x64.ActiveCfg = Release|Any CPU
		{3A68211E-DED6-4ADF-B423-CADF9A4CAA0D}.Release|x64.Build.0 = Release|Any CPU
		{3A68211E-DED6-4ADF-B423-CADF9A4CAA0D}.Release|x86.ActiveCfg = Release|Any CPU
		{3A68211E-DED6-4ADF-B423-CADF9A4CAA0D}.Release|x86.Build.0 = Release|Any CPU
		{B6C59D49-BAD9-4994-A29B-374453809DFE}.Debug|Any CPU.ActiveCfg = Debug|Any CPU
		{B6C59D49-BAD9-4994-A29B-374453809DFE}.Debug|Any CPU.Build.0 = Debug|Any CPU
		{B6C59D49-BAD9-4994-A29B-374453809DFE}.Debug|x64.ActiveCfg = Debug|Any CPU
		{B6C59D49-BAD9-4994-A29B-374453809DFE}.Debug|x64.Build.0 = Debug|Any CPU
		{B6C59D49-BAD9-4994-A29B-374453809DFE}.Debug|x86.ActiveCfg = Debug|Any CPU
		{B6C59D49-BAD9-4994-A29B-374453809DFE}.Debug|x86.Build.0 = Debug|Any CPU
		{B6C59D49-BAD9-4994-A29B-374453809DFE}.Release|Any CPU.ActiveCfg = Release|Any CPU
		{B6C59D49-BAD9-4994-A29B-374453809DFE}.Release|Any CPU.Build.0 = Release|Any CPU
		{B6C59D49-BAD9-4994-A29B-374453809DFE}.Release|x64.ActiveCfg = Release|Any CPU
		{B6C59D49-BAD9-4994-A29B-374453809DFE}.Release|x64.Build.0 = Release|Any CPU
		{B6C59D49-BAD9-4994-A29B-374453809DFE}.Release|x86.ActiveCfg = Release|Any CPU
		{B6C59D49-BAD9-4994-A29B-374453809DFE}.Release|x86.Build.0 = Release|Any CPU
		{4214B6DC-05CA-40A1-96C6-8F168D8479A5}.Debug|Any CPU.ActiveCfg = Debug|Any CPU
		{4214B6DC-05CA-40A1-96C6-8F168D8479A5}.Debug|Any CPU.Build.0 = Debug|Any CPU
		{4214B6DC-05CA-40A1-96C6-8F168D8479A5}.Debug|x64.ActiveCfg = Debug|Any CPU
		{4214B6DC-05CA-40A1-96C6-8F168D8479A5}.Debug|x64.Build.0 = Debug|Any CPU
		{4214B6DC-05CA-40A1-96C6-8F168D8479A5}.Debug|x86.ActiveCfg = Debug|Any CPU
		{4214B6DC-05CA-40A1-96C6-8F168D8479A5}.Debug|x86.Build.0 = Debug|Any CPU
		{4214B6DC-05CA-40A1-96C6-8F168D8479A5}.Release|Any CPU.ActiveCfg = Release|Any CPU
		{4214B6DC-05CA-40A1-96C6-8F168D8479A5}.Release|Any CPU.Build.0 = Release|Any CPU
		{4214B6DC-05CA-40A1-96C6-8F168D8479A5}.Release|x64.ActiveCfg = Release|Any CPU
		{4214B6DC-05CA-40A1-96C6-8F168D8479A5}.Release|x64.Build.0 = Release|Any CPU
		{4214B6DC-05CA-40A1-96C6-8F168D8479A5}.Release|x86.ActiveCfg = Release|Any CPU
		{4214B6DC-05CA-40A1-96C6-8F168D8479A5}.Release|x86.Build.0 = Release|Any CPU
	EndGlobalSection
EndGlobal
